
Microsoft Visual Studio Solution File, Format Version 11.00
# Visual Studio 2010
Project("{FAE04EC0-301F-11D3-BF4B-00C04F79EFBC}") = "WikiMonster", "WikiMonster\WikiMonster.csproj", "{3DB4C8AA-13C6-4EEA-BF41-426BD519E077}"
EndProject
Project("{FAE04EC0-301F-11D3-BF4B-00C04F79EFBC}") = "TileScheduler", "TileScheduler\TileScheduler.csproj", "{170450D6-D1A0-45FD-B456-84135396E530}"
EndProject
Project("{FAE04EC0-301F-11D3-BF4B-00C04F79EFBC}") = "WikiParser", "WikiParser\WikiParser.csproj", "{90F4C46A-35BA-461C-83EF-96FFF5606AAB}"
EndProject
Global
	GlobalSection(SolutionConfigurationPlatforms) = preSolution
		Debug|Any CPU = Debug|Any CPU
		Release|Any CPU = Release|Any CPU
	EndGlobalSection
	GlobalSection(ProjectConfigurationPlatforms) = postSolution
		{3DB4C8AA-13C6-4EEA-BF41-426BD519E077}.Debug|Any CPU.ActiveCfg = Release|Any CPU
		{3DB4C8AA-13C6-4EEA-BF41-426BD519E077}.Debug|Any CPU.Build.0 = Release|Any CPU
		{3DB4C8AA-13C6-4EEA-BF41-426BD519E077}.Debug|Any CPU.Deploy.0 = Release|Any CPU
		{3DB4C8AA-13C6-4EEA-BF41-426BD519E077}.Release|Any CPU.ActiveCfg = Release|Any CPU
		{3DB4C8AA-13C6-4EEA-BF41-426BD519E077}.Release|Any CPU.Build.0 = Release|Any CPU
		{3DB4C8AA-13C6-4EEA-BF41-426BD519E077}.Release|Any CPU.Deploy.0 = Release|Any CPU
		{170450D6-D1A0-45FD-B456-84135396E530}.Debug|Any CPU.ActiveCfg = Release|Any CPU
		{170450D6-D1A0-45FD-B456-84135396E530}.Debug|Any CPU.Build.0 = Release|Any CPU
		{170450D6-D1A0-45FD-B456-84135396E530}.Release|Any CPU.ActiveCfg = Release|Any CPU
		{170450D6-D1A0-45FD-B456-84135396E530}.Release|Any CPU.Build.0 = Release|Any CPU
		{90F4C46A-35BA-461C-83EF-96FFF5606AAB}.Debug|Any CPU.ActiveCfg = Release|Any CPU
		{90F4C46A-35BA-461C-83EF-96FFF5606AAB}.Debug|Any CPU.Build.0 = Release|Any CPU
		{90F4C46A-35BA-461C-83EF-96FFF5606AAB}.Release|Any CPU.ActiveCfg = Release|Any CPU
		{90F4C46A-35BA-461C-83EF-96FFF5606AAB}.Release|Any CPU.Build.0 = Release|Any CPU
	EndGlobalSection
	GlobalSection(SolutionProperties) = preSolution
		HideSolutionNode = FALSE
	EndGlobalSection
EndGlobal
